// !$*UTF8*$!
{
	archiveVersion = 1;
	classes = {
	};
	objectVersion = 55;
	objects = {

/* Begin PBXBuildFile section */
		1A69FB8227675CCC006A34C0 /* AppDelegate.swift in Sources */ = {isa = PBXBuildFile; fileRef = 1A69FB8127675CCC006A34C0 /* AppDelegate.swift */; };
		1A69FB8427675CCC006A34C0 /* SceneDelegate.swift in Sources */ = {isa = PBXBuildFile; fileRef = 1A69FB8327675CCC006A34C0 /* SceneDelegate.swift */; };
		1A69FB8627675CCC006A34C0 /* ViewController.swift in Sources */ = {isa = PBXBuildFile; fileRef = 1A69FB8527675CCC006A34C0 /* ViewController.swift */; };
		1A69FB8927675CCC006A34C0 /* Main.storyboard in Resources */ = {isa = PBXBuildFile; fileRef = 1A69FB8727675CCC006A34C0 /* Main.storyboard */; };
		1A69FB8B27675CCF006A34C0 /* Assets.xcassets in Resources */ = {isa = PBXBuildFile; fileRef = 1A69FB8A27675CCF006A34C0 /* Assets.xcassets */; };
		1A69FB8E27675CCF006A34C0 /* LaunchScreen.storyboard in Resources */ = {isa = PBXBuildFile; fileRef = 1A69FB8C27675CCF006A34C0 /* LaunchScreen.storyboard */; };
		1A69FB9927675CCF006A34C0 /* githubActionPracticeTests.swift in Sources */ = {isa = PBXBuildFile; fileRef = 1A69FB9827675CCF006A34C0 /* githubActionPracticeTests.swift */; };
		1A69FBA327675CCF006A34C0 /* githubActionPracticeUITests.swift in Sources */ = {isa = PBXBuildFile; fileRef = 1A69FBA227675CCF006A34C0 /* githubActionPracticeUITests.swift */; };
		1A69FBA527675CCF006A34C0 /* githubActionPracticeUITestsLaunchTests.swift in Sources */ = {isa = PBXBuildFile; fileRef = 1A69FBA427675CCF006A34C0 /* githubActionPracticeUITestsLaunchTests.swift */; };
		6AA3D4F8275AC1CAE28A255D /* Pods_githubActionPractice.framework in Frameworks */ = {isa = PBXBuildFile; fileRef = 7943BC92894AD8AE5ED51A35 /* Pods_githubActionPractice.framework */; };
		AB1E8946A90F71AA3868064C /* Pods_githubActionPracticeTests.framework in Frameworks */ = {isa = PBXBuildFile; fileRef = E9F0B8BF6F2ED1C69A7E6D9D /* Pods_githubActionPracticeTests.framework */; };
		ADFDB9438088C3A5BB98F1D1 /* Pods_githubActionPractice_githubActionPracticeUITests.framework in Frameworks */ = {isa = PBXBuildFile; fileRef = BBA1643CD195F630A7642181 /* Pods_githubActionPractice_githubActionPracticeUITests.framework */; };
/* End PBXBuildFile section */

/* Begin PBXContainerItemProxy section */
		1A69FB9527675CCF006A34C0 /* PBXContainerItemProxy */ = {
			isa = PBXContainerItemProxy;
			containerPortal = 1A69FB7627675CCC006A34C0 /* Project object */;
			proxyType = 1;
			remoteGlobalIDString = 1A69FB7D27675CCC006A34C0;
			remoteInfo = githubActionPractice;
		};
		1A69FB9F27675CCF006A34C0 /* PBXContainerItemProxy */ = {
			isa = PBXContainerItemProxy;
			containerPortal = 1A69FB7627675CCC006A34C0 /* Project object */;
			proxyType = 1;
			remoteGlobalIDString = 1A69FB7D27675CCC006A34C0;
			remoteInfo = githubActionPractice;
		};
/* End PBXContainerItemProxy section */

/* Begin PBXFileReference section */
		05756A69B8800BD82AAB812C /* Pods-githubActionPractice.debug.xcconfig */ = {isa = PBXFileReference; includeInIndex = 1; lastKnownFileType = text.xcconfig; name = "Pods-githubActionPractice.debug.xcconfig"; path = "Target Support Files/Pods-githubActionPractice/Pods-githubActionPractice.debug.xcconfig"; sourceTree = "<group>"; };
		1A69FB7E27675CCC006A34C0 /* githubActionPractice.app */ = {isa = PBXFileReference; explicitFileType = wrapper.application; includeInIndex = 0; path = githubActionPractice.app; sourceTree = BUILT_PRODUCTS_DIR; };
		1A69FB8127675CCC006A34C0 /* AppDelegate.swift */ = {isa = PBXFileReference; lastKnownFileType = sourcecode.swift; path = AppDelegate.swift; sourceTree = "<group>"; };
		1A69FB8327675CCC006A34C0 /* SceneDelegate.swift */ = {isa = PBXFileReference; lastKnownFileType = sourcecode.swift; path = SceneDelegate.swift; sourceTree = "<group>"; };
		1A69FB8527675CCC006A34C0 /* ViewController.swift */ = {isa = PBXFileReference; lastKnownFileType = sourcecode.swift; path = ViewController.swift; sourceTree = "<group>"; };
		1A69FB8827675CCC006A34C0 /* Base */ = {isa = PBXFileReference; lastKnownFileType = file.storyboard; name = Base; path = Base.lproj/Main.storyboard; sourceTree = "<group>"; };
		1A69FB8A27675CCF006A34C0 /* Assets.xcassets */ = {isa = PBXFileReference; lastKnownFileType = folder.assetcatalog; path = Assets.xcassets; sourceTree = "<group>"; };
		1A69FB8D27675CCF006A34C0 /* Base */ = {isa = PBXFileReference; lastKnownFileType = file.storyboard; name = Base; path = Base.lproj/LaunchScreen.storyboard; sourceTree = "<group>"; };
		1A69FB8F27675CCF006A34C0 /* Info.plist */ = {isa = PBXFileReference; lastKnownFileType = text.plist.xml; path = Info.plist; sourceTree = "<group>"; };
		1A69FB9427675CCF006A34C0 /* githubActionPracticeTests.xctest */ = {isa = PBXFileReference; explicitFileType = wrapper.cfbundle; includeInIndex = 0; path = githubActionPracticeTests.xctest; sourceTree = BUILT_PRODUCTS_DIR; };
		1A69FB9827675CCF006A34C0 /* githubActionPracticeTests.swift */ = {isa = PBXFileReference; lastKnownFileType = sourcecode.swift; path = githubActionPracticeTests.swift; sourceTree = "<group>"; };
		1A69FB9E27675CCF006A34C0 /* githubActionPracticeUITests.xctest */ = {isa = PBXFileReference; explicitFileType = wrapper.cfbundle; includeInIndex = 0; path = githubActionPracticeUITests.xctest; sourceTree = BUILT_PRODUCTS_DIR; };
		1A69FBA227675CCF006A34C0 /* githubActionPracticeUITests.swift */ = {isa = PBXFileReference; lastKnownFileType = sourcecode.swift; path = githubActionPracticeUITests.swift; sourceTree = "<group>"; };
		1A69FBA427675CCF006A34C0 /* githubActionPracticeUITestsLaunchTests.swift */ = {isa = PBXFileReference; lastKnownFileType = sourcecode.swift; path = githubActionPracticeUITestsLaunchTests.swift; sourceTree = "<group>"; };
		38B0D76A54D704AB3BB722D6 /* Pods-githubActionPracticeTests.release.xcconfig */ = {isa = PBXFileReference; includeInIndex = 1; lastKnownFileType = text.xcconfig; name = "Pods-githubActionPracticeTests.release.xcconfig"; path = "Target Support Files/Pods-githubActionPracticeTests/Pods-githubActionPracticeTests.release.xcconfig"; sourceTree = "<group>"; };
		5165EB986E2B7908BE8F2973 /* Pods-githubActionPractice.release.xcconfig */ = {isa = PBXFileReference; includeInIndex = 1; lastKnownFileType = text.xcconfig; name = "Pods-githubActionPractice.release.xcconfig"; path = "Target Support Files/Pods-githubActionPractice/Pods-githubActionPractice.release.xcconfig"; sourceTree = "<group>"; };
		7943BC92894AD8AE5ED51A35 /* Pods_githubActionPractice.framework */ = {isa = PBXFileReference; explicitFileType = wrapper.framework; includeInIndex = 0; path = Pods_githubActionPractice.framework; sourceTree = BUILT_PRODUCTS_DIR; };
		A1532E3B42319645F2722BD9 /* Pods-githubActionPracticeTests.debug.xcconfig */ = {isa = PBXFileReference; includeInIndex = 1; lastKnownFileType = text.xcconfig; name = "Pods-githubActionPracticeTests.debug.xcconfig"; path = "Target Support Files/Pods-githubActionPracticeTests/Pods-githubActionPracticeTests.debug.xcconfig"; sourceTree = "<group>"; };
		BBA1643CD195F630A7642181 /* Pods_githubActionPractice_githubActionPracticeUITests.framework */ = {isa = PBXFileReference; explicitFileType = wrapper.framework; includeInIndex = 0; path = Pods_githubActionPractice_githubActionPracticeUITests.framework; sourceTree = BUILT_PRODUCTS_DIR; };
		BDE95472A7E35CB04927F10F /* Pods-githubActionPractice-githubActionPracticeUITests.debug.xcconfig */ = {isa = PBXFileReference; includeInIndex = 1; lastKnownFileType = text.xcconfig; name = "Pods-githubActionPractice-githubActionPracticeUITests.debug.xcconfig"; path = "Target Support Files/Pods-githubActionPractice-githubActionPracticeUITests/Pods-githubActionPractice-githubActionPracticeUITests.debug.xcconfig"; sourceTree = "<group>"; };
		C320AB6E0452CF99E42BD88A /* Pods-githubActionPractice-githubActionPracticeUITests.release.xcconfig */ = {isa = PBXFileReference; includeInIndex = 1; lastKnownFileType = text.xcconfig; name = "Pods-githubActionPractice-githubActionPracticeUITests.release.xcconfig"; path = "Target Support Files/Pods-githubActionPractice-githubActionPracticeUITests/Pods-githubActionPractice-githubActionPracticeUITests.release.xcconfig"; sourceTree = "<group>"; };
		E9F0B8BF6F2ED1C69A7E6D9D /* Pods_githubActionPracticeTests.framework */ = {isa = PBXFileReference; explicitFileType = wrapper.framework; includeInIndex = 0; path = Pods_githubActionPracticeTests.framework; sourceTree = BUILT_PRODUCTS_DIR; };
/* End PBXFileReference section */

/* Begin PBXFrameworksBuildPhase section */
		1A69FB7B27675CCC006A34C0 /* Frameworks */ = {
			isa = PBXFrameworksBuildPhase;
			buildActionMask = 2147483647;
			files = (
				6AA3D4F8275AC1CAE28A255D /* Pods_githubActionPractice.framework in Frameworks */,
			);
			runOnlyForDeploymentPostprocessing = 0;
		};
		1A69FB9127675CCF006A34C0 /* Frameworks */ = {
			isa = PBXFrameworksBuildPhase;
			buildActionMask = 2147483647;
			files = (
				AB1E8946A90F71AA3868064C /* Pods_githubActionPracticeTests.framework in Frameworks */,
			);
			runOnlyForDeploymentPostprocessing = 0;
		};
		1A69FB9B27675CCF006A34C0 /* Frameworks */ = {
			isa = PBXFrameworksBuildPhase;
			buildActionMask = 2147483647;
			files = (
				ADFDB9438088C3A5BB98F1D1 /* Pods_githubActionPractice_githubActionPracticeUITests.framework in Frameworks */,
			);
			runOnlyForDeploymentPostprocessing = 0;
		};
/* End PBXFrameworksBuildPhase section */

/* Begin PBXGroup section */
		1A69FB7527675CCC006A34C0 = {
			isa = PBXGroup;
			children = (
				1A69FB8027675CCC006A34C0 /* githubActionPractice */,
				1A69FB9727675CCF006A34C0 /* githubActionPracticeTests */,
				1A69FBA127675CCF006A34C0 /* githubActionPracticeUITests */,
				1A69FB7F27675CCC006A34C0 /* Products */,
				827D61A5E5C457011B5D135E /* Pods */,
				7C6307A6A9F66E8A222C18F0 /* Frameworks */,
			);
			sourceTree = "<group>";
		};
		1A69FB7F27675CCC006A34C0 /* Products */ = {
			isa = PBXGroup;
			children = (
				1A69FB7E27675CCC006A34C0 /* githubActionPractice.app */,
				1A69FB9427675CCF006A34C0 /* githubActionPracticeTests.xctest */,
				1A69FB9E27675CCF006A34C0 /* githubActionPracticeUITests.xctest */,
			);
			name = Products;
			sourceTree = "<group>";
		};
		1A69FB8027675CCC006A34C0 /* githubActionPractice */ = {
			isa = PBXGroup;
			children = (
				1A69FB8127675CCC006A34C0 /* AppDelegate.swift */,
				1A69FB8327675CCC006A34C0 /* SceneDelegate.swift */,
				1A69FB8527675CCC006A34C0 /* ViewController.swift */,
				1A69FB8727675CCC006A34C0 /* Main.storyboard */,
				1A69FB8A27675CCF006A34C0 /* Assets.xcassets */,
				1A69FB8C27675CCF006A34C0 /* LaunchScreen.storyboard */,
				1A69FB8F27675CCF006A34C0 /* Info.plist */,
			);
			path = githubActionPractice;
			sourceTree = "<group>";
		};
		1A69FB9727675CCF006A34C0 /* githubActionPracticeTests */ = {
			isa = PBXGroup;
			children = (
				1A69FB9827675CCF006A34C0 /* githubActionPracticeTests.swift */,
			);
			path = githubActionPracticeTests;
			sourceTree = "<group>";
		};
		1A69FBA127675CCF006A34C0 /* githubActionPracticeUITests */ = {
			isa = PBXGroup;
			children = (
				1A69FBA227675CCF006A34C0 /* githubActionPracticeUITests.swift */,
				1A69FBA427675CCF006A34C0 /* githubActionPracticeUITestsLaunchTests.swift */,
			);
			path = githubActionPracticeUITests;
			sourceTree = "<group>";
		};
		7C6307A6A9F66E8A222C18F0 /* Frameworks */ = {
			isa = PBXGroup;
			children = (
				7943BC92894AD8AE5ED51A35 /* Pods_githubActionPractice.framework */,
				BBA1643CD195F630A7642181 /* Pods_githubActionPractice_githubActionPracticeUITests.framework */,
				E9F0B8BF6F2ED1C69A7E6D9D /* Pods_githubActionPracticeTests.framework */,
			);
			name = Frameworks;
			sourceTree = "<group>";
		};
		827D61A5E5C457011B5D135E /* Pods */ = {
			isa = PBXGroup;
			children = (
				05756A69B8800BD82AAB812C /* Pods-githubActionPractice.debug.xcconfig */,
				5165EB986E2B7908BE8F2973 /* Pods-githubActionPractice.release.xcconfig */,
				BDE95472A7E35CB04927F10F /* Pods-githubActionPractice-githubActionPracticeUITests.debug.xcconfig */,
				C320AB6E0452CF99E42BD88A /* Pods-githubActionPractice-githubActionPracticeUITests.release.xcconfig */,
				A1532E3B42319645F2722BD9 /* Pods-githubActionPracticeTests.debug.xcconfig */,
				38B0D76A54D704AB3BB722D6 /* Pods-githubActionPracticeTests.release.xcconfig */,
			);
			name = Pods;
			path = Pods;
			sourceTree = "<group>";
		};
/* End PBXGroup section */

/* Begin PBXNativeTarget section */
		1A69FB7D27675CCC006A34C0 /* githubActionPractice */ = {
			isa = PBXNativeTarget;
			buildConfigurationList = 1A69FBA827675CCF006A34C0 /* Build configuration list for PBXNativeTarget "githubActionPractice" */;
			buildPhases = (
				C7BAAF223D09DD33335AC5F7 /* [CP] Check Pods Manifest.lock */,
				1A69FB7A27675CCC006A34C0 /* Sources */,
				1A69FB7B27675CCC006A34C0 /* Frameworks */,
				1A69FB7C27675CCC006A34C0 /* Resources */,
			);
			buildRules = (
			);
			dependencies = (
			);
			name = githubActionPractice;
			productName = githubActionPractice;
			productReference = 1A69FB7E27675CCC006A34C0 /* githubActionPractice.app */;
			productType = "com.apple.product-type.application";
		};
		1A69FB9327675CCF006A34C0 /* githubActionPracticeTests */ = {
			isa = PBXNativeTarget;
			buildConfigurationList = 1A69FBAB27675CCF006A34C0 /* Build configuration list for PBXNativeTarget "githubActionPracticeTests" */;
			buildPhases = (
				5D699F29BCA641A76EA272FE /* [CP] Check Pods Manifest.lock */,
				1A69FB9027675CCF006A34C0 /* Sources */,
				1A69FB9127675CCF006A34C0 /* Frameworks */,
				1A69FB9227675CCF006A34C0 /* Resources */,
			);
			buildRules = (
			);
			dependencies = (
				1A69FB9627675CCF006A34C0 /* PBXTargetDependency */,
			);
			name = githubActionPracticeTests;
			productName = githubActionPracticeTests;
			productReference = 1A69FB9427675CCF006A34C0 /* githubActionPracticeTests.xctest */;
			productType = "com.apple.product-type.bundle.unit-test";
		};
		1A69FB9D27675CCF006A34C0 /* githubActionPracticeUITests */ = {
			isa = PBXNativeTarget;
			buildConfigurationList = 1A69FBAE27675CCF006A34C0 /* Build configuration list for PBXNativeTarget "githubActionPracticeUITests" */;
			buildPhases = (
				9C6E675DF0DC0C7C42DB0198 /* [CP] Check Pods Manifest.lock */,
				1A69FB9A27675CCF006A34C0 /* Sources */,
				1A69FB9B27675CCF006A34C0 /* Frameworks */,
				1A69FB9C27675CCF006A34C0 /* Resources */,
			);
			buildRules = (
			);
			dependencies = (
				1A69FBA027675CCF006A34C0 /* PBXTargetDependency */,
			);
			name = githubActionPracticeUITests;
			productName = githubActionPracticeUITests;
			productReference = 1A69FB9E27675CCF006A34C0 /* githubActionPracticeUITests.xctest */;
			productType = "com.apple.product-type.bundle.ui-testing";
		};
/* End PBXNativeTarget section */

/* Begin PBXProject section */
		1A69FB7627675CCC006A34C0 /* Project object */ = {
			isa = PBXProject;
			attributes = {
				BuildIndependentTargetsInParallel = 1;
				LastSwiftUpdateCheck = 1310;
				LastUpgradeCheck = 1310;
				TargetAttributes = {
					1A69FB7D27675CCC006A34C0 = {
						CreatedOnToolsVersion = 13.1;
					};
					1A69FB9327675CCF006A34C0 = {
						CreatedOnToolsVersion = 13.1;
						TestTargetID = 1A69FB7D27675CCC006A34C0;
					};
					1A69FB9D27675CCF006A34C0 = {
						CreatedOnToolsVersion = 13.1;
						TestTargetID = 1A69FB7D27675CCC006A34C0;
					};
				};
			};
			buildConfigurationList = 1A69FB7927675CCC006A34C0 /* Build configuration list for PBXProject "githubActionPractice" */;
			compatibilityVersion = "Xcode 13.0";
			developmentRegion = en;
			hasScannedForEncodings = 0;
			knownRegions = (
				en,
				Base,
			);
			mainGroup = 1A69FB7527675CCC006A34C0;
			productRefGroup = 1A69FB7F27675CCC006A34C0 /* Products */;
			projectDirPath = "";
			projectRoot = "";
			targets = (
				1A69FB7D27675CCC006A34C0 /* githubActionPractice */,
				1A69FB9327675CCF006A34C0 /* githubActionPracticeTests */,
				1A69FB9D27675CCF006A34C0 /* githubActionPracticeUITests */,
			);
		};
/* End PBXProject section */

/* Begin PBXResourcesBuildPhase section */
		1A69FB7C27675CCC006A34C0 /* Resources */ = {
			isa = PBXResourcesBuildPhase;
			buildActionMask = 2147483647;
			files = (
				1A69FB8E27675CCF006A34C0 /* LaunchScreen.storyboard in Resources */,
				1A69FB8B27675CCF006A34C0 /* Assets.xcassets in Resources */,
				1A69FB8927675CCC006A34C0 /* Main.storyboard in Resources */,
			);
			runOnlyForDeploymentPostprocessing = 0;
		};
		1A69FB9227675CCF006A34C0 /* Resources */ = {
			isa = PBXResourcesBuildPhase;
			buildActionMask = 2147483647;
			files = (
			);
			runOnlyForDeploymentPostprocessing = 0;
		};
		1A69FB9C27675CCF006A34C0 /* Resources */ = {
			isa = PBXResourcesBuildPhase;
			buildActionMask = 2147483647;
			files = (
			);
			runOnlyForDeploymentPostprocessing = 0;
		};
/* End PBXResourcesBuildPhase section */

/* Begin PBXShellScriptBuildPhase section */
		5D699F29BCA641A76EA272FE /* [CP] Check Pods Manifest.lock */ = {
			isa = PBXShellScriptBuildPhase;
			buildActionMask = 2147483647;
			files = (
			);
			inputFileListPaths = (
			);
			inputPaths = (
				"${PODS_PODFILE_DIR_PATH}/Podfile.lock",
				"${PODS_ROOT}/Manifest.lock",
			);
			name = "[CP] Check Pods Manifest.lock";
			outputFileListPaths = (
			);
			outputPaths = (
				"$(DERIVED_FILE_DIR)/Pods-githubActionPracticeTests-checkManifestLockResult.txt",
			);
			runOnlyForDeploymentPostprocessing = 0;
			shellPath = /bin/sh;
			shellScript = "diff \"${PODS_PODFILE_DIR_PATH}/Podfile.lock\" \"${PODS_ROOT}/Manifest.lock\" > /dev/null\nif [ $? != 0 ] ; then\n    # print error to STDERR\n    echo \"error: The sandbox is not in sync with the Podfile.lock. Run 'pod install' or update your CocoaPods installation.\" >&2\n    exit 1\nfi\n# This output is used by Xcode 'outputs' to avoid re-running this script phase.\necho \"SUCCESS\" > \"${SCRIPT_OUTPUT_FILE_0}\"\n";
			showEnvVarsInLog = 0;
		};
		9C6E675DF0DC0C7C42DB0198 /* [CP] Check Pods Manifest.lock */ = {
			isa = PBXShellScriptBuildPhase;
			buildActionMask = 2147483647;
			files = (
			);
			inputFileListPaths = (
			);
			inputPaths = (
				"${PODS_PODFILE_DIR_PATH}/Podfile.lock",
				"${PODS_ROOT}/Manifest.lock",
			);
			name = "[CP] Check Pods Manifest.lock";
			outputFileListPaths = (
			);
			outputPaths = (
				"$(DERIVED_FILE_DIR)/Pods-githubActionPractice-githubActionPracticeUITests-checkManifestLockResult.txt",
			);
			runOnlyForDeploymentPostprocessing = 0;
			shellPath = /bin/sh;
			shellScript = "diff \"${PODS_PODFILE_DIR_PATH}/Podfile.lock\" \"${PODS_ROOT}/Manifest.lock\" > /dev/null\nif [ $? != 0 ] ; then\n    # print error to STDERR\n    echo \"error: The sandbox is not in sync with the Podfile.lock. Run 'pod install' or update your CocoaPods installation.\" >&2\n    exit 1\nfi\n# This output is used by Xcode 'outputs' to avoid re-running this script phase.\necho \"SUCCESS\" > \"${SCRIPT_OUTPUT_FILE_0}\"\n";
			showEnvVarsInLog = 0;
		};
		C7BAAF223D09DD33335AC5F7 /* [CP] Check Pods Manifest.lock */ = {
			isa = PBXShellScriptBuildPhase;
			buildActionMask = 2147483647;
			files = (
			);
			inputFileListPaths = (
			);
			inputPaths = (
				"${PODS_PODFILE_DIR_PATH}/Podfile.lock",
				"${PODS_ROOT}/Manifest.lock",
			);
			name = "[CP] Check Pods Manifest.lock";
			outputFileListPaths = (
			);
			outputPaths = (
				"$(DERIVED_FILE_DIR)/Pods-githubActionPractice-checkManifestLockResult.txt",
			);
			runOnlyForDeploymentPostprocessing = 0;
			shellPath = /bin/sh;
			shellScript = "diff \"${PODS_PODFILE_DIR_PATH}/Podfile.lock\" \"${PODS_ROOT}/Manifest.lock\" > /dev/null\nif [ $? != 0 ] ; then\n    # print error to STDERR\n    echo \"error: The sandbox is not in sync with the Podfile.lock. Run 'pod install' or update your CocoaPods installation.\" >&2\n    exit 1\nfi\n# This output is used by Xcode 'outputs' to avoid re-running this script phase.\necho \"SUCCESS\" > \"${SCRIPT_OUTPUT_FILE_0}\"\n";
			showEnvVarsInLog = 0;
		};
/* End PBXShellScriptBuildPhase section */

/* Begin PBXSourcesBuildPhase section */
		1A69FB7A27675CCC006A34C0 /* Sources */ = {
			isa = PBXSourcesBuildPhase;
			buildActionMask = 2147483647;
			files = (
				1A69FB8627675CCC006A34C0 /* ViewController.swift in Sources */,
				1A69FB8227675CCC006A34C0 /* AppDelegate.swift in Sources */,
				1A69FB8427675CCC006A34C0 /* SceneDelegate.swift in Sources */,
			);
			runOnlyForDeploymentPostprocessing = 0;
		};
		1A69FB9027675CCF006A34C0 /* Sources */ = {
			isa = PBXSourcesBuildPhase;
			buildActionMask = 2147483647;
			files = (
				1A69FB9927675CCF006A34C0 /* githubActionPracticeTests.swift in Sources */,
			);
			runOnlyForDeploymentPostprocessing = 0;
		};
		1A69FB9A27675CCF006A34C0 /* Sources */ = {
			isa = PBXSourcesBuildPhase;
			buildActionMask = 2147483647;
			files = (
				1A69FBA527675CCF006A34C0 /* githubActionPracticeUITestsLaunchTests.swift in Sources */,
				1A69FBA327675CCF006A34C0 /* githubActionPracticeUITests.swift in Sources */,
			);
			runOnlyForDeploymentPostprocessing = 0;
		};
/* End PBXSourcesBuildPhase section */

/* Begin PBXTargetDependency section */
		1A69FB9627675CCF006A34C0 /* PBXTargetDependency */ = {
			isa = PBXTargetDependency;
			target = 1A69FB7D27675CCC006A34C0 /* githubActionPractice */;
			targetProxy = 1A69FB9527675CCF006A34C0 /* PBXContainerItemProxy */;
		};
		1A69FBA027675CCF006A34C0 /* PBXTargetDependency */ = {
			isa = PBXTargetDependency;
			target = 1A69FB7D27675CCC006A34C0 /* githubActionPractice */;
			targetProxy = 1A69FB9F27675CCF006A34C0 /* PBXContainerItemProxy */;
		};
/* End PBXTargetDependency section */

/* Begin PBXVariantGroup section */
		1A69FB8727675CCC006A34C0 /* Main.storyboard */ = {
			isa = PBXVariantGroup;
			children = (
				1A69FB8827675CCC006A34C0 /* Base */,
			);
			name = Main.storyboard;
			sourceTree = "<group>";
		};
		1A69FB8C27675CCF006A34C0 /* LaunchScreen.storyboard */ = {
			isa = PBXVariantGroup;
			children = (
				1A69FB8D27675CCF006A34C0 /* Base */,
			);
			name = LaunchScreen.storyboard;
			sourceTree = "<group>";
		};
/* End PBXVariantGroup section */

/* Begin XCBuildConfiguration section */
		1A69FBA627675CCF006A34C0 /* Debug */ = {
			isa = XCBuildConfiguration;
			buildSettings = {
				ALWAYS_SEARCH_USER_PATHS = NO;
				CLANG_ANALYZER_NONNULL = YES;
				CLANG_ANALYZER_NUMBER_OBJECT_CONVERSION = YES_AGGRESSIVE;
				CLANG_CXX_LANGUAGE_STANDARD = "gnu++17";
				CLANG_CXX_LIBRARY = "libc++";
				CLANG_ENABLE_MODULES = YES;
				CLANG_ENABLE_OBJC_ARC = YES;
				CLANG_ENABLE_OBJC_WEAK = YES;
				CLANG_WARN_BLOCK_CAPTURE_AUTORELEASING = YES;
				CLANG_WARN_BOOL_CONVERSION = YES;
				CLANG_WARN_COMMA = YES;
				CLANG_WARN_CONSTANT_CONVERSION = YES;
				CLANG_WARN_DEPRECATED_OBJC_IMPLEMENTATIONS = YES;
				CLANG_WARN_DIRECT_OBJC_ISA_USAGE = YES_ERROR;
				CLANG_WARN_DOCUMENTATION_COMMENTS = YES;
				CLANG_WARN_EMPTY_BODY = YES;
				CLANG_WARN_ENUM_CONVERSION = YES;
				CLANG_WARN_INFINITE_RECURSION = YES;
				CLANG_WARN_INT_CONVERSION = YES;
				CLANG_WARN_NON_LITERAL_NULL_CONVERSION = YES;
				CLANG_WARN_OBJC_IMPLICIT_RETAIN_SELF = YES;
				CLANG_WARN_OBJC_LITERAL_CONVERSION = YES;
				CLANG_WARN_OBJC_ROOT_CLASS = YES_ERROR;
				CLANG_WARN_QUOTED_INCLUDE_IN_FRAMEWORK_HEADER = YES;
				CLANG_WARN_RANGE_LOOP_ANALYSIS = YES;
				CLANG_WARN_STRICT_PROTOTYPES = YES;
				CLANG_WARN_SUSPICIOUS_MOVE = YES;
				CLANG_WARN_UNGUARDED_AVAILABILITY = YES_AGGRESSIVE;
				CLANG_WARN_UNREACHABLE_CODE = YES;
				CLANG_WARN__DUPLICATE_METHOD_MATCH = YES;
				COPY_PHASE_STRIP = NO;
				DEBUG_INFORMATION_FORMAT = dwarf;
				ENABLE_STRICT_OBJC_MSGSEND = YES;
				ENABLE_TESTABILITY = YES;
				GCC_C_LANGUAGE_STANDARD = gnu11;
				GCC_DYNAMIC_NO_PIC = NO;
				GCC_NO_COMMON_BLOCKS = YES;
				GCC_OPTIMIZATION_LEVEL = 0;
				GCC_PREPROCESSOR_DEFINITIONS = (
					"DEBUG=1",
					"$(inherited)",
				);
				GCC_WARN_64_TO_32_BIT_CONVERSION = YES;
				GCC_WARN_ABOUT_RETURN_TYPE = YES_ERROR;
				GCC_WARN_UNDECLARED_SELECTOR = YES;
				GCC_WARN_UNINITIALIZED_AUTOS = YES_AGGRESSIVE;
				GCC_WARN_UNUSED_FUNCTION = YES;
				GCC_WARN_UNUSED_VARIABLE = YES;
				IPHONEOS_DEPLOYMENT_TARGET = 15.0;
				MTL_ENABLE_DEBUG_INFO = INCLUDE_SOURCE;
				MTL_FAST_MATH = YES;
				ONLY_ACTIVE_ARCH = YES;
				SDKROOT = iphoneos;
				SWIFT_ACTIVE_COMPILATION_CONDITIONS = DEBUG;
				SWIFT_OPTIMIZATION_LEVEL = "-Onone";
			};
			name = Debug;
		};
		1A69FBA727675CCF006A34C0 /* Release */ = {
			isa = XCBuildConfiguration;
			buildSettings = {
				ALWAYS_SEARCH_USER_PATHS = NO;
				CLANG_ANALYZER_NONNULL = YES;
				CLANG_ANALYZER_NUMBER_OBJECT_CONVERSION = YES_AGGRESSIVE;
				CLANG_CXX_LANGUAGE_STANDARD = "gnu++17";
				CLANG_CXX_LIBRARY = "libc++";
				CLANG_ENABLE_MODULES = YES;
				CLANG_ENABLE_OBJC_ARC = YES;
				CLANG_ENABLE_OBJC_WEAK = YES;
				CLANG_WARN_BLOCK_CAPTURE_AUTORELEASING = YES;
				CLANG_WARN_BOOL_CONVERSION = YES;
				CLANG_WARN_COMMA = YES;
				CLANG_WARN_CONSTANT_CONVERSION = YES;
				CLANG_WARN_DEPRECATED_OBJC_IMPLEMENTATIONS = YES;
				CLANG_WARN_DIRECT_OBJC_ISA_USAGE = YES_ERROR;
				CLANG_WARN_DOCUMENTATION_COMMENTS = YES;
				CLANG_WARN_EMPTY_BODY = YES;
				CLANG_WARN_ENUM_CONVERSION = YES;
				CLANG_WARN_INFINITE_RECURSION = YES;
				CLANG_WARN_INT_CONVERSION = YES;
				CLANG_WARN_NON_LITERAL_NULL_CONVERSION = YES;
				CLANG_WARN_OBJC_IMPLICIT_RETAIN_SELF = YES;
				CLANG_WARN_OBJC_LITERAL_CONVERSION = YES;
				CLANG_WARN_OBJC_ROOT_CLASS = YES_ERROR;
				CLANG_WARN_QUOTED_INCLUDE_IN_FRAMEWORK_HEADER = YES;
				CLANG_WARN_RANGE_LOOP_ANALYSIS = YES;
				CLANG_WARN_STRICT_PROTOTYPES = YES;
				CLANG_WARN_SUSPICIOUS_MOVE = YES;
				CLANG_WARN_UNGUARDED_AVAILABILITY = YES_AGGRESSIVE;
				CLANG_WARN_UNREACHABLE_CODE = YES;
				CLANG_WARN__DUPLICATE_METHOD_MATCH = YES;
				COPY_PHASE_STRIP = NO;
				DEBUG_INFORMATION_FORMAT = "dwarf-with-dsym";
				ENABLE_NS_ASSERTIONS = NO;
				ENABLE_STRICT_OBJC_MSGSEND = YES;
				GCC_C_LANGUAGE_STANDARD = gnu11;
				GCC_NO_COMMON_BLOCKS = YES;
				GCC_WARN_64_TO_32_BIT_CONVERSION = YES;
				GCC_WARN_ABOUT_RETURN_TYPE = YES_ERROR;
				GCC_WARN_UNDECLARED_SELECTOR = YES;
				GCC_WARN_UNINITIALIZED_AUTOS = YES_AGGRESSIVE;
				GCC_WARN_UNUSED_FUNCTION = YES;
				GCC_WARN_UNUSED_VARIABLE = YES;
				IPHONEOS_DEPLOYMENT_TARGET = 15.0;
				MTL_ENABLE_DEBUG_INFO = NO;
				MTL_FAST_MATH = YES;
				SDKROOT = iphoneos;
				SWIFT_COMPILATION_MODE = wholemodule;
				SWIFT_OPTIMIZATION_LEVEL = "-O";
				VALIDATE_PRODUCT = YES;
			};
			name = Release;
		};
		1A69FBA927675CCF006A34C0 /* Debug */ = {
			isa = XCBuildConfiguration;
			baseConfigurationReference = 05756A69B8800BD82AAB812C /* Pods-githubActionPractice.debug.xcconfig */;
			buildSettings = {
				ASSETCATALOG_COMPILER_APPICON_NAME = AppIcon;
				ASSETCATALOG_COMPILER_GLOBAL_ACCENT_COLOR_NAME = AccentColor;
				CODE_SIGN_STYLE = Automatic;
				CURRENT_PROJECT_VERSION = 1;
				DEVELOPMENT_TEAM = XSC9AJPSP3;
				GENERATE_INFOPLIST_FILE = YES;
				INFOPLIST_FILE = githubActionPractice/Info.plist;
				INFOPLIST_KEY_UIApplicationSupportsIndirectInputEvents = YES;
				INFOPLIST_KEY_UILaunchStoryboardName = LaunchScreen;
				INFOPLIST_KEY_UIMainStoryboardFile = Main;
				INFOPLIST_KEY_UISupportedInterfaceOrientations_iPad = "UIInterfaceOrientationPortrait UIInterfaceOrientationPortraitUpsideDown UIInterfaceOrientationLandscapeLeft UIInterfaceOrientationLandscapeRight";
				INFOPLIST_KEY_UISupportedInterfaceOrientations_iPhone = "UIInterfaceOrientationPortrait UIInterfaceOrientationLandscapeLeft UIInterfaceOrientationLandscapeRight";
				LD_RUNPATH_SEARCH_PATHS = (
					"$(inherited)",
					"@executable_path/Frameworks",
				);
				MARKETING_VERSION = 1.0;
				PRODUCT_BUNDLE_IDENTIFIER = com.akidon.githubActionPractice;
				PRODUCT_NAME = "$(TARGET_NAME)";
				SWIFT_EMIT_LOC_STRINGS = YES;
				SWIFT_VERSION = 5.0;
				TARGETED_DEVICE_FAMILY = "1,2";
			};
			name = Debug;
		};
		1A69FBAA27675CCF006A34C0 /* Release */ = {
			isa = XCBuildConfiguration;
			baseConfigurationReference = 5165EB986E2B7908BE8F2973 /* Pods-githubActionPractice.release.xcconfig */;
			buildSettings = {
				ASSETCATALOG_COMPILER_APPICON_NAME = AppIcon;
				ASSETCATALOG_COMPILER_GLOBAL_ACCENT_COLOR_NAME = AccentColor;
				CODE_SIGN_STYLE = Automatic;
				CURRENT_PROJECT_VERSION = 1;
				DEVELOPMENT_TEAM = XSC9AJPSP3;
				GENERATE_INFOPLIST_FILE = YES;
				INFOPLIST_FILE = githubActionPractice/Info.plist;
				INFOPLIST_KEY_UIApplicationSupportsIndirectInputEvents = YES;
				INFOPLIST_KEY_UILaunchStoryboardName = LaunchScreen;
				INFOPLIST_KEY_UIMainStoryboardFile = Main;
				INFOPLIST_KEY_UISupportedInterfaceOrientations_iPad = "UIInterfaceOrientationPortrait UIInterfaceOrientationPortraitUpsideDown UIInterfaceOrientationLandscapeLeft UIInterfaceOrientationLandscapeRight";
				INFOPLIST_KEY_UISupportedInterfaceOrientations_iPhone = "UIInterfaceOrientationPortrait UIInterfaceOrientationLandscapeLeft UIInterfaceOrientationLandscapeRight";
				LD_RUNPATH_SEARCH_PATHS = (
					"$(inherited)",
					"@executable_path/Frameworks",
				);
				MARKETING_VERSION = 1.0;
				PRODUCT_BUNDLE_IDENTIFIER = com.akidon.githubActionPractice;
				PRODUCT_NAME = "$(TARGET_NAME)";
				SWIFT_EMIT_LOC_STRINGS = YES;
				SWIFT_VERSION = 5.0;
				TARGETED_DEVICE_FAMILY = "1,2";
			};
			name = Release;
		};
		1A69FBAC27675CCF006A34C0 /* Debug */ = {
			isa = XCBuildConfiguration;
			baseConfigurationReference = A1532E3B42319645F2722BD9 /* Pods-githubActionPracticeTests.debug.xcconfig */;
			buildSettings = {
				ALWAYS_EMBED_SWIFT_STANDARD_LIBRARIES = YES;
				BUNDLE_LOADER = "$(TEST_HOST)";
				CODE_SIGN_STYLE = Automatic;
				CURRENT_PROJECT_VERSION = 1;
				DEVELOPMENT_TEAM = XSC9AJPSP3;
				GENERATE_INFOPLIST_FILE = YES;
				IPHONEOS_DEPLOYMENT_TARGET = 15.0;
				LD_RUNPATH_SEARCH_PATHS = (
					"$(inherited)",
					"@executable_path/Frameworks",
					"@loader_path/Frameworks",
				);
				MARKETING_VERSION = 1.0;
				PRODUCT_BUNDLE_IDENTIFIER = com.akidon.githubActionPracticeTests;
				PRODUCT_NAME = "$(TARGET_NAME)";
				SWIFT_EMIT_LOC_STRINGS = NO;
				SWIFT_VERSION = 5.0;
				TARGETED_DEVICE_FAMILY = "1,2";
				TEST_HOST = "$(BUILT_PRODUCTS_DIR)/githubActionPractice.app/githubActionPractice";
			};
			name = Debug;
		};
		1A69FBAD27675CCF006A34C0 /* Release */ = {
			isa = XCBuildConfiguration;
			baseConfigurationReference = 38B0D76A54D704AB3BB722D6 /* Pods-githubActionPracticeTests.release.xcconfig */;
			buildSettings = {
				ALWAYS_EMBED_SWIFT_STANDARD_LIBRARIES = YES;
				BUNDLE_LOADER = "$(TEST_HOST)";
				CODE_SIGN_STYLE = Automatic;
				CURRENT_PROJECT_VERSION = 1;
				DEVELOPMENT_TEAM = XSC9AJPSP3;
				GENERATE_INFOPLIST_FILE = YES;
				IPHONEOS_DEPLOYMENT_TARGET = 15.0;
				LD_RUNPATH_SEARCH_PATHS = (
					"$(inherited)",
					"@executable_path/Frameworks",
					"@loader_path/Frameworks",
				);
				MARKETING_VERSION = 1.0;
				PRODUCT_BUNDLE_IDENTIFIER = com.akidon.githubActionPracticeTests;
				PRODUCT_NAME = "$(TARGET_NAME)";
				SWIFT_EMIT_LOC_STRINGS = NO;
				SWIFT_VERSION = 5.0;
				TARGETED_DEVICE_FAMILY = "1,2";
				TEST_HOST = "$(BUILT_PRODUCTS_DIR)/githubActionPractice.app/githubActionPractice";
			};
			name = Release;
		};
		1A69FBAF27675CCF006A34C0 /* Debug */ = {
			isa = XCBuildConfiguration;
			baseConfigurationReference = BDE95472A7E35CB04927F10F /* Pods-githubActionPractice-githubActionPracticeUITests.debug.xcconfig */;
			buildSettings = {
				ALWAYS_EMBED_SWIFT_STANDARD_LIBRARIES = YES;
				CODE_SIGN_STYLE = Automatic;
				CURRENT_PROJECT_VERSION = 1;
				DEVELOPMENT_TEAM = XSC9AJPSP3;
				GENERATE_INFOPLIST_FILE = YES;
				LD_RUNPATH_SEARCH_PATHS = (
					"$(inherited)",
					"@executable_path/Frameworks",
					"@loader_path/Frameworks",
				);
				MARKETING_VERSION = 1.0;
				PRODUCT_BUNDLE_IDENTIFIER = com.akidon.githubActionPracticeUITests;
				PRODUCT_NAME = "$(TARGET_NAME)";
				SWIFT_EMIT_LOC_STRINGS = NO;
				SWIFT_VERSION = 5.0;
				TARGETED_DEVICE_FAMILY = "1,2";
				TEST_TARGET_NAME = githubActionPractice;
			};
			name = Debug;
		};
		1A69FBB027675CCF006A34C0 /* Release */ = {
			isa = XCBuildConfiguration;
			baseConfigurationReference = C320AB6E0452CF99E42BD88A /* Pods-githubActionPractice-githubActionPracticeUITests.release.xcconfig */;
			buildSettings = {
				ALWAYS_EMBED_SWIFT_STANDARD_LIBRARIES = YES;
				CODE_SIGN_STYLE = Automatic;
				CURRENT_PROJECT_VERSION = 1;
				DEVELOPMENT_TEAM = XSC9AJPSP3;
				GENERATE_INFOPLIST_FILE = YES;
				LD_RUNPATH_SEARCH_PATHS = (
					"$(inherited)",
					"@executable_path/Frameworks",
					"@loader_path/Frameworks",
				);
				MARKETING_VERSION = 1.0;
				PRODUCT_BUNDLE_IDENTIFIER = com.akidon.githubActionPracticeUITests;
				PRODUCT_NAME = "$(TARGET_NAME)";
				SWIFT_EMIT_LOC_STRINGS = NO;
				SWIFT_VERSION = 5.0;
				TARGETED_DEVICE_FAMILY = "1,2";
				TEST_TARGET_NAME = githubActionPractice;
			};
			name = Release;
		};
/* End XCBuildConfiguration section */

/* Begin XCConfigurationList section */
		1A69FB7927675CCC006A34C0 /* Build configuration list for PBXProject "githubActionPractice" */ = {
			isa = XCConfigurationList;
			buildConfigurations = (
				1A69FBA627675CCF006A34C0 /* Debug */,
				1A69FBA727675CCF006A34C0 /* Release */,
			);
			defaultConfigurationIsVisible = 0;
			defaultConfigurationName = Release;
		};
		1A69FBA827675CCF006A34C0 /* Build configuration list for PBXNativeTarget "githubActionPractice" */ = {
			isa = XCConfigurationList;
			buildConfigurations = (
				1A69FBA927675CCF006A34C0 /* Debug */,
				1A69FBAA27675CCF006A34C0 /* Release */,
			);
			defaultConfigurationIsVisible = 0;
			defaultConfigurationName = Release;
		};
		1A69FBAB27675CCF006A34C0 /* Build configuration list for PBXNativeTarget "githubActionPracticeTests" */ = {
			isa = XCConfigurationList;
			buildConfigurations = (
				1A69FBAC27675CCF006A34C0 /* Debug */,
				1A69FBAD27675CCF006A34C0 /* Release */,
			);
			defaultConfigurationIsVisible = 0;
			defaultConfigurationName = Release;
		};
		1A69FBAE27675CCF006A34C0 /* Build configuration list for PBXNativeTarget "githubActionPracticeUITests" */ = {
			isa = XCConfigurationList;
			buildConfigurations = (
				1A69FBAF27675CCF006A34C0 /* Debug */,
				1A69FBB027675CCF006A34C0 /* Release */,
			);
			defaultConfigurationIsVisible = 0;
			defaultConfigurationName = Release;
		};
/* End XCConfigurationList section */
	};
	rootObject = 1A69FB7627675CCC006A34C0 /* Project object */;
}
